// !$*UTF8*$!
{
	archiveVersion = 1;
	classes = {
	};
	objectVersion = 77;
	objects = {

/* Begin PBXBuildFile section */
		A3FA2D8A2DA1869600BB0EF8 /* SwiftDependencyInjector in Frameworks */ = {isa = PBXBuildFile; productRef = A3FA2D892DA1869600BB0EF8 /* SwiftDependencyInjector */; };
		A3FA2DF62DA1BC5B00BB0EF8 /* MELIStoreCore in Frameworks */ = {isa = PBXBuildFile; productRef = A3FA2DF52DA1BC5B00BB0EF8 /* MELIStoreCore */; };
		A3FA2DF92DA1BCFD00BB0EF8 /* MELIStoreProducts in Frameworks */ = {isa = PBXBuildFile; productRef = A3FA2DF82DA1BCFD00BB0EF8 /* MELIStoreProducts */; };
		A3FA2E062DA22F3900BB0EF8 /* MELIStoreDesignSystem in Frameworks */ = {isa = PBXBuildFile; productRef = A3FA2E052DA22F3900BB0EF8 /* MELIStoreDesignSystem */; };
/* End PBXBuildFile section */

/* Begin PBXContainerItemProxy section */
		A33011182DA1676C00996EA3 /* PBXContainerItemProxy */ = {
			isa = PBXContainerItemProxy;
			containerPortal = A33011022DA1676B00996EA3 /* Project object */;
			proxyType = 1;
			remoteGlobalIDString = A33011092DA1676B00996EA3;
			remoteInfo = MELIStore;
		};
		A33011222DA1676C00996EA3 /* PBXContainerItemProxy */ = {
			isa = PBXContainerItemProxy;
			containerPortal = A33011022DA1676B00996EA3 /* Project object */;
			proxyType = 1;
			remoteGlobalIDString = A33011092DA1676B00996EA3;
			remoteInfo = MELIStore;
		};
/* End PBXContainerItemProxy section */

/* Begin PBXFileReference section */
		A330110A2DA1676B00996EA3 /* MELI Store.app */ = {isa = PBXFileReference; explicitFileType = wrapper.application; includeInIndex = 0; path = "MELI Store.app"; sourceTree = BUILT_PRODUCTS_DIR; };
		A33011172DA1676C00996EA3 /* MELIStoreTests.xctest */ = {isa = PBXFileReference; explicitFileType = wrapper.cfbundle; includeInIndex = 0; path = MELIStoreTests.xctest; sourceTree = BUILT_PRODUCTS_DIR; };
		A33011212DA1676C00996EA3 /* MELIStoreUITests.xctest */ = {isa = PBXFileReference; explicitFileType = wrapper.cfbundle; includeInIndex = 0; path = MELIStoreUITests.xctest; sourceTree = BUILT_PRODUCTS_DIR; };
		A3F9FD832DA2D9A3003959FB /* MELIStoreDesignSystem */ = {isa = PBXFileReference; lastKnownFileType = wrapper; name = MELIStoreDesignSystem; path = ../MELIStoreDesignSystem; sourceTree = SOURCE_ROOT; };
		A3FA2E072DA22FC300BB0EF8 /* MELIStoreProducts */ = {isa = PBXFileReference; lastKnownFileType = wrapper; name = MELIStoreProducts; path = ../MELIStoreProducts; sourceTree = SOURCE_ROOT; };
		A3FA2E092DA22FD400BB0EF8 /* MELIStoreCore */ = {isa = PBXFileReference; lastKnownFileType = wrapper; name = MELIStoreCore; path = ../MELIStoreCore; sourceTree = SOURCE_ROOT; };
/* End PBXFileReference section */

/* Begin PBXFileSystemSynchronizedBuildFileExceptionSet section */
		A330114D2DA17AF900996EA3 /* Exceptions for "MELIStore" folder in "MELIStore" target */ = {
			isa = PBXFileSystemSynchronizedBuildFileExceptionSet;
			membershipExceptions = (
				Info.plist,
			);
			target = A33011092DA1676B00996EA3 /* MELIStore */;
		};
/* End PBXFileSystemSynchronizedBuildFileExceptionSet section */

/* Begin PBXFileSystemSynchronizedRootGroup section */
		A330110C2DA1676B00996EA3 /* MELIStore */ = {
			isa = PBXFileSystemSynchronizedRootGroup;
			exceptions = (
				A330114D2DA17AF900996EA3 /* Exceptions for "MELIStore" folder in "MELIStore" target */,
			);
			path = MELIStore;
			sourceTree = "<group>";
		};
		A330111A2DA1676C00996EA3 /* MELIStoreTests */ = {
			isa = PBXFileSystemSynchronizedRootGroup;
			path = MELIStoreTests;
			sourceTree = "<group>";
		};
		A33011242DA1676C00996EA3 /* MELIStoreUITests */ = {
			isa = PBXFileSystemSynchronizedRootGroup;
			path = MELIStoreUITests;
			sourceTree = "<group>";
		};
/* End PBXFileSystemSynchronizedRootGroup section */

/* Begin PBXFrameworksBuildPhase section */
		A33011072DA1676B00996EA3 /* Frameworks */ = {
			isa = PBXFrameworksBuildPhase;
			buildActionMask = 2147483647;
			files = (
				A3FA2E062DA22F3900BB0EF8 /* MELIStoreDesignSystem in Frameworks */,
				A3FA2DF92DA1BCFD00BB0EF8 /* MELIStoreProducts in Frameworks */,
				A3FA2DF62DA1BC5B00BB0EF8 /* MELIStoreCore in Frameworks */,
				A3FA2D8A2DA1869600BB0EF8 /* SwiftDependencyInjector in Frameworks */,
			);
			runOnlyForDeploymentPostprocessing = 0;
		};
		A33011142DA1676C00996EA3 /* Frameworks */ = {
			isa = PBXFrameworksBuildPhase;
			buildActionMask = 2147483647;
			files = (
			);
			runOnlyForDeploymentPostprocessing = 0;
		};
		A330111E2DA1676C00996EA3 /* Frameworks */ = {
			isa = PBXFrameworksBuildPhase;
			buildActionMask = 2147483647;
			files = (
			);
			runOnlyForDeploymentPostprocessing = 0;
		};
/* End PBXFrameworksBuildPhase section */

/* Begin PBXGroup section */
		A33011012DA1676B00996EA3 = {
			isa = PBXGroup;
			children = (
				A330110C2DA1676B00996EA3 /* MELIStore */,
				A330111A2DA1676C00996EA3 /* MELIStoreTests */,
				A33011242DA1676C00996EA3 /* MELIStoreUITests */,
				A330110B2DA1676B00996EA3 /* Products */,
				A3FA2E072DA22FC300BB0EF8 /* MELIStoreProducts */,
				A3FA2E092DA22FD400BB0EF8 /* MELIStoreCore */,
				A3F9FD832DA2D9A3003959FB /* MELIStoreDesignSystem */,
			);
			sourceTree = "<group>";
		};
		A330110B2DA1676B00996EA3 /* Products */ = {
			isa = PBXGroup;
			children = (
				A330110A2DA1676B00996EA3 /* MELI Store.app */,
				A33011172DA1676C00996EA3 /* MELIStoreTests.xctest */,
				A33011212DA1676C00996EA3 /* MELIStoreUITests.xctest */,
			);
			name = Products;
			sourceTree = "<group>";
		};
/* End PBXGroup section */

/* Begin PBXNativeTarget section */
		A33011092DA1676B00996EA3 /* MELIStore */ = {
			isa = PBXNativeTarget;
			buildConfigurationList = A330112B2DA1676C00996EA3 /* Build configuration list for PBXNativeTarget "MELIStore" */;
			buildPhases = (
				A33011062DA1676B00996EA3 /* Sources */,
				A33011072DA1676B00996EA3 /* Frameworks */,
				A33011082DA1676B00996EA3 /* Resources */,
			);
			buildRules = (
			);
			dependencies = (
			);
			fileSystemSynchronizedGroups = (
				A330110C2DA1676B00996EA3 /* MELIStore */,
			);
			name = MELIStore;
			packageProductDependencies = (
				A3FA2D892DA1869600BB0EF8 /* SwiftDependencyInjector */,
				A3FA2DF52DA1BC5B00BB0EF8 /* MELIStoreCore */,
				A3FA2DF82DA1BCFD00BB0EF8 /* MELIStoreProducts */,
				A3FA2E052DA22F3900BB0EF8 /* MELIStoreDesignSystem */,
			);
			productName = MELIStore;
			productReference = A330110A2DA1676B00996EA3 /* MELI Store.app */;
			productType = "com.apple.product-type.application";
		};
		A33011162DA1676C00996EA3 /* MELIStoreTests */ = {
			isa = PBXNativeTarget;
			buildConfigurationList = A330112E2DA1676C00996EA3 /* Build configuration list for PBXNativeTarget "MELIStoreTests" */;
			buildPhases = (
				A33011132DA1676C00996EA3 /* Sources */,
				A33011142DA1676C00996EA3 /* Frameworks */,
				A33011152DA1676C00996EA3 /* Resources */,
			);
			buildRules = (
			);
			dependencies = (
				A33011192DA1676C00996EA3 /* PBXTargetDependency */,
			);
			fileSystemSynchronizedGroups = (
				A330111A2DA1676C00996EA3 /* MELIStoreTests */,
			);
			name = MELIStoreTests;
			packageProductDependencies = (
			);
			productName = MELIStoreTests;
			productReference = A33011172DA1676C00996EA3 /* MELIStoreTests.xctest */;
			productType = "com.apple.product-type.bundle.unit-test";
		};
		A33011202DA1676C00996EA3 /* MELIStoreUITests */ = {
			isa = PBXNativeTarget;
			buildConfigurationList = A33011312DA1676C00996EA3 /* Build configuration list for PBXNativeTarget "MELIStoreUITests" */;
			buildPhases = (
				A330111D2DA1676C00996EA3 /* Sources */,
				A330111E2DA1676C00996EA3 /* Frameworks */,
				A330111F2DA1676C00996EA3 /* Resources */,
			);
			buildRules = (
			);
			dependencies = (
				A33011232DA1676C00996EA3 /* PBXTargetDependency */,
			);
			fileSystemSynchronizedGroups = (
				A33011242DA1676C00996EA3 /* MELIStoreUITests */,
			);
			name = MELIStoreUITests;
			packageProductDependencies = (
			);
			productName = MELIStoreUITests;
			productReference = A33011212DA1676C00996EA3 /* MELIStoreUITests.xctest */;
			productType = "com.apple.product-type.bundle.ui-testing";
		};
/* End PBXNativeTarget section */

/* Begin PBXProject section */
		A33011022DA1676B00996EA3 /* Project object */ = {
			isa = PBXProject;
			attributes = {
				BuildIndependentTargetsInParallel = 1;
				LastSwiftUpdateCheck = 1630;
				LastUpgradeCheck = 1630;
				TargetAttributes = {
					A33011092DA1676B00996EA3 = {
						CreatedOnToolsVersion = 16.3;
					};
					A33011162DA1676C00996EA3 = {
						CreatedOnToolsVersion = 16.3;
						TestTargetID = A33011092DA1676B00996EA3;
					};
					A33011202DA1676C00996EA3 = {
						CreatedOnToolsVersion = 16.3;
						TestTargetID = A33011092DA1676B00996EA3;
					};
				};
			};
			buildConfigurationList = A33011052DA1676B00996EA3 /* Build configuration list for PBXProject "MELIStore" */;
			developmentRegion = en;
			hasScannedForEncodings = 0;
			knownRegions = (
				en,
				Base,
			);
			mainGroup = A33011012DA1676B00996EA3;
			minimizedProjectReferenceProxies = 1;
			packageReferences = (
				A3FA2D882DA1869600BB0EF8 /* XCRemoteSwiftPackageReference "swift-dependency-injector" */,
				A3FA2DF42DA1BC5B00BB0EF8 /* XCRemoteSwiftPackageReference "MELIStoreCore" */,
				A3FA2DF72DA1BCFD00BB0EF8 /* XCRemoteSwiftPackageReference "MELIStoreProducts" */,
				A3FA2E042DA22F3900BB0EF8 /* XCRemoteSwiftPackageReference "MELIStoreDesignSystem" */,
			);
			preferredProjectObjectVersion = 77;
			productRefGroup = A330110B2DA1676B00996EA3 /* Products */;
			projectDirPath = "";
			projectRoot = "";
			targets = (
				A33011092DA1676B00996EA3 /* MELIStore */,
				A33011162DA1676C00996EA3 /* MELIStoreTests */,
				A33011202DA1676C00996EA3 /* MELIStoreUITests */,
			);
		};
/* End PBXProject section */

/* Begin PBXResourcesBuildPhase section */
		A33011082DA1676B00996EA3 /* Resources */ = {
			isa = PBXResourcesBuildPhase;
			buildActionMask = 2147483647;
			files = (
			);
			runOnlyForDeploymentPostprocessing = 0;
		};
		A33011152DA1676C00996EA3 /* Resources */ = {
			isa = PBXResourcesBuildPhase;
			buildActionMask = 2147483647;
			files = (
			);
			runOnlyForDeploymentPostprocessing = 0;
		};
		A330111F2DA1676C00996EA3 /* Resources */ = {
			isa = PBXResourcesBuildPhase;
			buildActionMask = 2147483647;
			files = (
			);
			runOnlyForDeploymentPostprocessing = 0;
		};
/* End PBXResourcesBuildPhase section */

/* Begin PBXSourcesBuildPhase section */
		A33011062DA1676B00996EA3 /* Sources */ = {
			isa = PBXSourcesBuildPhase;
			buildActionMask = 2147483647;
			files = (
			);
			runOnlyForDeploymentPostprocessing = 0;
		};
		A33011132DA1676C00996EA3 /* Sources */ = {
			isa = PBXSourcesBuildPhase;
			buildActionMask = 2147483647;
			files = (
			);
			runOnlyForDeploymentPostprocessing = 0;
		};
		A330111D2DA1676C00996EA3 /* Sources */ = {
			isa = PBXSourcesBuildPhase;
			buildActionMask = 2147483647;
			files = (
			);
			runOnlyForDeploymentPostprocessing = 0;
		};
/* End PBXSourcesBuildPhase section */

/* Begin PBXTargetDependency section */
		A33011192DA1676C00996EA3 /* PBXTargetDependency */ = {
			isa = PBXTargetDependency;
			target = A33011092DA1676B00996EA3 /* MELIStore */;
			targetProxy = A33011182DA1676C00996EA3 /* PBXContainerItemProxy */;
		};
		A33011232DA1676C00996EA3 /* PBXTargetDependency */ = {
			isa = PBXTargetDependency;
			target = A33011092DA1676B00996EA3 /* MELIStore */;
			targetProxy = A33011222DA1676C00996EA3 /* PBXContainerItemProxy */;
		};
/* End PBXTargetDependency section */

/* Begin XCBuildConfiguration section */
		A33011292DA1676C00996EA3 /* Debug */ = {
			isa = XCBuildConfiguration;
			baseConfigurationReferenceAnchor = A330110C2DA1676B00996EA3 /* MELIStore */;
			baseConfigurationReferenceRelativePath = Config.xcconfig;
			buildSettings = {
				ALWAYS_SEARCH_USER_PATHS = NO;
				ASSETCATALOG_COMPILER_GENERATE_SWIFT_ASSET_SYMBOL_EXTENSIONS = YES;
				CLANG_ANALYZER_NONNULL = YES;
				CLANG_ANALYZER_NUMBER_OBJECT_CONVERSION = YES_AGGRESSIVE;
				CLANG_CXX_LANGUAGE_STANDARD = "gnu++20";
				CLANG_ENABLE_MODULES = YES;
				CLANG_ENABLE_OBJC_ARC = YES;
				CLANG_ENABLE_OBJC_WEAK = YES;
				CLANG_WARN_BLOCK_CAPTURE_AUTORELEASING = YES;
				CLANG_WARN_BOOL_CONVERSION = YES;
				CLANG_WARN_COMMA = YES;
				CLANG_WARN_CONSTANT_CONVERSION = YES;
				CLANG_WARN_DEPRECATED_OBJC_IMPLEMENTATIONS = YES;
				CLANG_WARN_DIRECT_OBJC_ISA_USAGE = YES_ERROR;
				CLANG_WARN_DOCUMENTATION_COMMENTS = YES;
				CLANG_WARN_EMPTY_BODY = YES;
				CLANG_WARN_ENUM_CONVERSION = YES;
				CLANG_WARN_INFINITE_RECURSION = YES;
				CLANG_WARN_INT_CONVERSION = YES;
				CLANG_WARN_NON_LITERAL_NULL_CONVERSION = YES;
				CLANG_WARN_OBJC_IMPLICIT_RETAIN_SELF = YES;
				CLANG_WARN_OBJC_LITERAL_CONVERSION = YES;
				CLANG_WARN_OBJC_ROOT_CLASS = YES_ERROR;
				CLANG_WARN_QUOTED_INCLUDE_IN_FRAMEWORK_HEADER = YES;
				CLANG_WARN_RANGE_LOOP_ANALYSIS = YES;
				CLANG_WARN_STRICT_PROTOTYPES = YES;
				CLANG_WARN_SUSPICIOUS_MOVE = YES;
				CLANG_WARN_UNGUARDED_AVAILABILITY = YES_AGGRESSIVE;
				CLANG_WARN_UNREACHABLE_CODE = YES;
				CLANG_WARN__DUPLICATE_METHOD_MATCH = YES;
				COPY_PHASE_STRIP = NO;
				DEBUG_INFORMATION_FORMAT = dwarf;
				ENABLE_STRICT_OBJC_MSGSEND = YES;
				ENABLE_TESTABILITY = YES;
				ENABLE_USER_SCRIPT_SANDBOXING = YES;
				GCC_C_LANGUAGE_STANDARD = gnu17;
				GCC_DYNAMIC_NO_PIC = NO;
				GCC_NO_COMMON_BLOCKS = YES;
				GCC_OPTIMIZATION_LEVEL = 0;
				GCC_PREPROCESSOR_DEFINITIONS = (
					"DEBUG=1",
					"$(inherited)",
				);
				GCC_WARN_64_TO_32_BIT_CONVERSION = YES;
				GCC_WARN_ABOUT_RETURN_TYPE = YES_ERROR;
				GCC_WARN_UNDECLARED_SELECTOR = YES;
				GCC_WARN_UNINITIALIZED_AUTOS = YES_AGGRESSIVE;
				GCC_WARN_UNUSED_FUNCTION = YES;
				GCC_WARN_UNUSED_VARIABLE = YES;
				IPHONEOS_DEPLOYMENT_TARGET = 18.4;
				LOCALIZATION_PREFERS_STRING_CATALOGS = YES;
				MTL_ENABLE_DEBUG_INFO = INCLUDE_SOURCE;
				MTL_FAST_MATH = YES;
				ONLY_ACTIVE_ARCH = YES;
				SDKROOT = iphoneos;
				SWIFT_ACTIVE_COMPILATION_CONDITIONS = "DEBUG $(inherited)";
				SWIFT_EMIT_LOC_STRINGS = YES;
				SWIFT_OPTIMIZATION_LEVEL = "-Onone";
			};
			name = Debug;
		};
		A330112A2DA1676C00996EA3 /* Release */ = {
			isa = XCBuildConfiguration;
			baseConfigurationReferenceAnchor = A330110C2DA1676B00996EA3 /* MELIStore */;
			baseConfigurationReferenceRelativePath = Config.xcconfig;
			buildSettings = {
				ALWAYS_SEARCH_USER_PATHS = NO;
				ASSETCATALOG_COMPILER_GENERATE_SWIFT_ASSET_SYMBOL_EXTENSIONS = YES;
				CLANG_ANALYZER_NONNULL = YES;
				CLANG_ANALYZER_NUMBER_OBJECT_CONVERSION = YES_AGGRESSIVE;
				CLANG_CXX_LANGUAGE_STANDARD = "gnu++20";
				CLANG_ENABLE_MODULES = YES;
				CLANG_ENABLE_OBJC_ARC = YES;
				CLANG_ENABLE_OBJC_WEAK = YES;
				CLANG_WARN_BLOCK_CAPTURE_AUTORELEASING = YES;
				CLANG_WARN_BOOL_CONVERSION = YES;
				CLANG_WARN_COMMA = YES;
				CLANG_WARN_CONSTANT_CONVERSION = YES;
				CLANG_WARN_DEPRECATED_OBJC_IMPLEMENTATIONS = YES;
				CLANG_WARN_DIRECT_OBJC_ISA_USAGE = YES_ERROR;
				CLANG_WARN_DOCUMENTATION_COMMENTS = YES;
				CLANG_WARN_EMPTY_BODY = YES;
				CLANG_WARN_ENUM_CONVERSION = YES;
				CLANG_WARN_INFINITE_RECURSION = YES;
				CLANG_WARN_INT_CONVERSION = YES;
				CLANG_WARN_NON_LITERAL_NULL_CONVERSION = YES;
				CLANG_WARN_OBJC_IMPLICIT_RETAIN_SELF = YES;
				CLANG_WARN_OBJC_LITERAL_CONVERSION = YES;
				CLANG_WARN_OBJC_ROOT_CLASS = YES_ERROR;
				CLANG_WARN_QUOTED_INCLUDE_IN_FRAMEWORK_HEADER = YES;
				CLANG_WARN_RANGE_LOOP_ANALYSIS = YES;
				CLANG_WARN_STRICT_PROTOTYPES = YES;
				CLANG_WARN_SUSPICIOUS_MOVE = YES;
				CLANG_WARN_UNGUARDED_AVAILABILITY = YES_AGGRESSIVE;
				CLANG_WARN_UNREACHABLE_CODE = YES;
				CLANG_WARN__DUPLICATE_METHOD_MATCH = YES;
				COPY_PHASE_STRIP = NO;
				DEBUG_INFORMATION_FORMAT = "dwarf-with-dsym";
				ENABLE_NS_ASSERTIONS = NO;
				ENABLE_STRICT_OBJC_MSGSEND = YES;
				ENABLE_USER_SCRIPT_SANDBOXING = YES;
				GCC_C_LANGUAGE_STANDARD = gnu17;
				GCC_NO_COMMON_BLOCKS = YES;
				GCC_WARN_64_TO_32_BIT_CONVERSION = YES;
				GCC_WARN_ABOUT_RETURN_TYPE = YES_ERROR;
				GCC_WARN_UNDECLARED_SELECTOR = YES;
				GCC_WARN_UNINITIALIZED_AUTOS = YES_AGGRESSIVE;
				GCC_WARN_UNUSED_FUNCTION = YES;
				GCC_WARN_UNUSED_VARIABLE = YES;
				IPHONEOS_DEPLOYMENT_TARGET = 18.4;
				LOCALIZATION_PREFERS_STRING_CATALOGS = YES;
				MTL_ENABLE_DEBUG_INFO = NO;
				MTL_FAST_MATH = YES;
				SDKROOT = iphoneos;
				SWIFT_COMPILATION_MODE = wholemodule;
				SWIFT_EMIT_LOC_STRINGS = YES;
				VALIDATE_PRODUCT = YES;
			};
			name = Release;
		};
		A330112C2DA1676C00996EA3 /* Debug */ = {
			isa = XCBuildConfiguration;
			buildSettings = {
				ASSETCATALOG_COMPILER_APPICON_NAME = AppIcon;
				ASSETCATALOG_COMPILER_GLOBAL_ACCENT_COLOR_NAME = AccentColor;
				CODE_SIGN_IDENTITY = "Apple Development";
				CODE_SIGN_STYLE = Automatic;
				CURRENT_PROJECT_VERSION = 1;
				DEVELOPMENT_TEAM = "";
				ENABLE_PREVIEWS = YES;
				GENERATE_INFOPLIST_FILE = YES;
				INFOPLIST_FILE = MELIStore/Info.plist;
				INFOPLIST_KEY_CFBundleDisplayName = "$(PRODUCT_NAME)";
				INFOPLIST_KEY_LSApplicationCategoryType = "public.app-category.shopping";
				INFOPLIST_KEY_UIApplicationSceneManifest_Generation = YES;
				INFOPLIST_KEY_UIApplicationSupportsIndirectInputEvents = YES;
				INFOPLIST_KEY_UILaunchScreen_Generation = YES;
				INFOPLIST_KEY_UISupportedInterfaceOrientations = UIInterfaceOrientationPortrait;
				INFOPLIST_KEY_UISupportedInterfaceOrientations_iPad = "UIInterfaceOrientationLandscapeLeft UIInterfaceOrientationLandscapeRight UIInterfaceOrientationPortrait UIInterfaceOrientationPortraitUpsideDown";
				IPHONEOS_DEPLOYMENT_TARGET = 17.0;
				LD_RUNPATH_SEARCH_PATHS = (
					"$(inherited)",
					"@executable_path/Frameworks",
				);
				MARKETING_VERSION = 1.0.0;
				PRODUCT_BUNDLE_IDENTIFIER = com.andres.duque.app.MELIStore;
				PRODUCT_NAME = "MELI Store";
				PROVISIONING_PROFILE_SPECIFIER = "";
				SWIFT_EMIT_LOC_STRINGS = YES;
				SWIFT_VERSION = 6.0;
				TARGETED_DEVICE_FAMILY = "1,2";
			};
			name = Debug;
		};
		A330112D2DA1676C00996EA3 /* Release */ = {
			isa = XCBuildConfiguration;
			buildSettings = {
				ASSETCATALOG_COMPILER_APPICON_NAME = AppIcon;
				ASSETCATALOG_COMPILER_GLOBAL_ACCENT_COLOR_NAME = AccentColor;
				CODE_SIGN_IDENTITY = "Apple Development";
				CODE_SIGN_STYLE = Automatic;
				CURRENT_PROJECT_VERSION = 1;
				DEVELOPMENT_TEAM = "";
				ENABLE_PREVIEWS = YES;
				GENERATE_INFOPLIST_FILE = YES;
				INFOPLIST_FILE = MELIStore/Info.plist;
				INFOPLIST_KEY_CFBundleDisplayName = "$(PRODUCT_NAME)";
				INFOPLIST_KEY_LSApplicationCategoryType = "public.app-category.shopping";
				INFOPLIST_KEY_UIApplicationSceneManifest_Generation = YES;
				INFOPLIST_KEY_UIApplicationSupportsIndirectInputEvents = YES;
				INFOPLIST_KEY_UILaunchScreen_Generation = YES;
				INFOPLIST_KEY_UISupportedInterfaceOrientations = UIInterfaceOrientationPortrait;
				INFOPLIST_KEY_UISupportedInterfaceOrientations_iPad = "UIInterfaceOrientationLandscapeLeft UIInterfaceOrientationLandscapeRight UIInterfaceOrientationPortrait UIInterfaceOrientationPortraitUpsideDown";
				IPHONEOS_DEPLOYMENT_TARGET = 17.0;
				LD_RUNPATH_SEARCH_PATHS = (
					"$(inherited)",
					"@executable_path/Frameworks",
				);
				MARKETING_VERSION = 1.0.0;
				PRODUCT_BUNDLE_IDENTIFIER = com.andres.duque.app.MELIStore;
				PRODUCT_NAME = "MELI Store";
				PROVISIONING_PROFILE_SPECIFIER = "";
				SWIFT_EMIT_LOC_STRINGS = YES;
				SWIFT_VERSION = 6.0;
				TARGETED_DEVICE_FAMILY = "1,2";
			};
			name = Release;
		};
		A330112F2DA1676C00996EA3 /* Debug */ = {
			isa = XCBuildConfiguration;
			buildSettings = {
				BUNDLE_LOADER = "$(TEST_HOST)";
				CODE_SIGN_STYLE = Automatic;
				CURRENT_PROJECT_VERSION = 1;
				GENERATE_INFOPLIST_FILE = YES;
				IPHONEOS_DEPLOYMENT_TARGET = 18.4;
				MARKETING_VERSION = 1.0;
				PRODUCT_BUNDLE_IDENTIFIER = com.andres.duque.app.MELIStoreTests;
				PRODUCT_NAME = "$(TARGET_NAME)";
				SWIFT_EMIT_LOC_STRINGS = NO;
				SWIFT_VERSION = 5.0;
				TARGETED_DEVICE_FAMILY = "1,2";
				TEST_HOST = "$(BUILT_PRODUCTS_DIR)/MELIStore.app/$(BUNDLE_EXECUTABLE_FOLDER_PATH)/MELIStore";
			};
			name = Debug;
		};
		A33011302DA1676C00996EA3 /* Release */ = {
			isa = XCBuildConfiguration;
			buildSettings = {
				BUNDLE_LOADER = "$(TEST_HOST)";
				CODE_SIGN_STYLE = Automatic;
				CURRENT_PROJECT_VERSION = 1;
				GENERATE_INFOPLIST_FILE = YES;
				IPHONEOS_DEPLOYMENT_TARGET = 18.4;
				MARKETING_VERSION = 1.0;
				PRODUCT_BUNDLE_IDENTIFIER = com.andres.duque.app.MELIStoreTests;
				PRODUCT_NAME = "$(TARGET_NAME)";
				SWIFT_EMIT_LOC_STRINGS = NO;
				SWIFT_VERSION = 5.0;
				TARGETED_DEVICE_FAMILY = "1,2";
				TEST_HOST = "$(BUILT_PRODUCTS_DIR)/MELIStore.app/$(BUNDLE_EXECUTABLE_FOLDER_PATH)/MELIStore";
			};
			name = Release;
		};
		A33011322DA1676C00996EA3 /* Debug */ = {
			isa = XCBuildConfiguration;
			buildSettings = {
				CODE_SIGN_STYLE = Automatic;
				CURRENT_PROJECT_VERSION = 1;
				GENERATE_INFOPLIST_FILE = YES;
				MARKETING_VERSION = 1.0;
				PRODUCT_BUNDLE_IDENTIFIER = com.andres.duque.app.MELIStoreUITests;
				PRODUCT_NAME = "$(TARGET_NAME)";
				SWIFT_EMIT_LOC_STRINGS = NO;
				SWIFT_VERSION = 5.0;
				TARGETED_DEVICE_FAMILY = "1,2";
				TEST_TARGET_NAME = MELIStore;
			};
			name = Debug;
		};
		A33011332DA1676C00996EA3 /* Release */ = {
			isa = XCBuildConfiguration;
			buildSettings = {
				CODE_SIGN_STYLE = Automatic;
				CURRENT_PROJECT_VERSION = 1;
				GENERATE_INFOPLIST_FILE = YES;
				MARKETING_VERSION = 1.0;
				PRODUCT_BUNDLE_IDENTIFIER = com.andres.duque.app.MELIStoreUITests;
				PRODUCT_NAME = "$(TARGET_NAME)";
				SWIFT_EMIT_LOC_STRINGS = NO;
				SWIFT_VERSION = 5.0;
				TARGETED_DEVICE_FAMILY = "1,2";
				TEST_TARGET_NAME = MELIStore;
			};
			name = Release;
		};
		A33011442DA1784F00996EA3 /* DebugDev */ = {
			isa = XCBuildConfiguration;
			baseConfigurationReferenceAnchor = A330110C2DA1676B00996EA3 /* MELIStore */;
			baseConfigurationReferenceRelativePath = Config.xcconfig;
			buildSettings = {
				ALWAYS_SEARCH_USER_PATHS = NO;
				ASSETCATALOG_COMPILER_GENERATE_SWIFT_ASSET_SYMBOL_EXTENSIONS = YES;
				CLANG_ANALYZER_NONNULL = YES;
				CLANG_ANALYZER_NUMBER_OBJECT_CONVERSION = YES_AGGRESSIVE;
				CLANG_CXX_LANGUAGE_STANDARD = "gnu++20";
				CLANG_ENABLE_MODULES = YES;
				CLANG_ENABLE_OBJC_ARC = YES;
				CLANG_ENABLE_OBJC_WEAK = YES;
				CLANG_WARN_BLOCK_CAPTURE_AUTORELEASING = YES;
				CLANG_WARN_BOOL_CONVERSION = YES;
				CLANG_WARN_COMMA = YES;
				CLANG_WARN_CONSTANT_CONVERSION = YES;
				CLANG_WARN_DEPRECATED_OBJC_IMPLEMENTATIONS = YES;
				CLANG_WARN_DIRECT_OBJC_ISA_USAGE = YES_ERROR;
				CLANG_WARN_DOCUMENTATION_COMMENTS = YES;
				CLANG_WARN_EMPTY_BODY = YES;
				CLANG_WARN_ENUM_CONVERSION = YES;
				CLANG_WARN_INFINITE_RECURSION = YES;
				CLANG_WARN_INT_CONVERSION = YES;
				CLANG_WARN_NON_LITERAL_NULL_CONVERSION = YES;
				CLANG_WARN_OBJC_IMPLICIT_RETAIN_SELF = YES;
				CLANG_WARN_OBJC_LITERAL_CONVERSION = YES;
				CLANG_WARN_OBJC_ROOT_CLASS = YES_ERROR;
				CLANG_WARN_QUOTED_INCLUDE_IN_FRAMEWORK_HEADER = YES;
				CLANG_WARN_RANGE_LOOP_ANALYSIS = YES;
				CLANG_WARN_STRICT_PROTOTYPES = YES;
				CLANG_WARN_SUSPICIOUS_MOVE = YES;
				CLANG_WARN_UNGUARDED_AVAILABILITY = YES_AGGRESSIVE;
				CLANG_WARN_UNREACHABLE_CODE = YES;
				CLANG_WARN__DUPLICATE_METHOD_MATCH = YES;
				COPY_PHASE_STRIP = NO;
				DEBUG_INFORMATION_FORMAT = dwarf;
				ENABLE_STRICT_OBJC_MSGSEND = YES;
				ENABLE_TESTABILITY = YES;
				ENABLE_USER_SCRIPT_SANDBOXING = YES;
				GCC_C_LANGUAGE_STANDARD = gnu17;
				GCC_DYNAMIC_NO_PIC = NO;
				GCC_NO_COMMON_BLOCKS = YES;
				GCC_OPTIMIZATION_LEVEL = 0;
				GCC_PREPROCESSOR_DEFINITIONS = (
					"DEBUG=1",
					"$(inherited)",
				);
				GCC_WARN_64_TO_32_BIT_CONVERSION = YES;
				GCC_WARN_ABOUT_RETURN_TYPE = YES_ERROR;
				GCC_WARN_UNDECLARED_SELECTOR = YES;
				GCC_WARN_UNINITIALIZED_AUTOS = YES_AGGRESSIVE;
				GCC_WARN_UNUSED_FUNCTION = YES;
				GCC_WARN_UNUSED_VARIABLE = YES;
				IPHONEOS_DEPLOYMENT_TARGET = 18.4;
				LOCALIZATION_PREFERS_STRING_CATALOGS = YES;
				MTL_ENABLE_DEBUG_INFO = INCLUDE_SOURCE;
				MTL_FAST_MATH = YES;
				ONLY_ACTIVE_ARCH = YES;
				SDKROOT = iphoneos;
				SWIFT_ACTIVE_COMPILATION_CONDITIONS = "DEBUG $(inherited)";
				SWIFT_EMIT_LOC_STRINGS = YES;
				SWIFT_OPTIMIZATION_LEVEL = "-Onone";
			};
			name = DebugDev;
		};
		A33011452DA1784F00996EA3 /* DebugDev */ = {
			isa = XCBuildConfiguration;
			buildSettings = {
				ASSETCATALOG_COMPILER_APPICON_NAME = AppIcon;
				ASSETCATALOG_COMPILER_GLOBAL_ACCENT_COLOR_NAME = AccentColor;
				CODE_SIGN_IDENTITY = "Apple Development";
				CODE_SIGN_STYLE = Automatic;
				CURRENT_PROJECT_VERSION = 1;
				DEVELOPMENT_TEAM = "";
				ENABLE_PREVIEWS = YES;
				GENERATE_INFOPLIST_FILE = YES;
				INFOPLIST_FILE = MELIStore/Info.plist;
				INFOPLIST_KEY_CFBundleDisplayName = "$(PRODUCT_NAME)";
				INFOPLIST_KEY_LSApplicationCategoryType = "public.app-category.shopping";
				INFOPLIST_KEY_UIApplicationSceneManifest_Generation = YES;
				INFOPLIST_KEY_UIApplicationSupportsIndirectInputEvents = YES;
				INFOPLIST_KEY_UILaunchScreen_Generation = YES;
				INFOPLIST_KEY_UISupportedInterfaceOrientations = UIInterfaceOrientationPortrait;
				INFOPLIST_KEY_UISupportedInterfaceOrientations_iPad = "UIInterfaceOrientationLandscapeLeft UIInterfaceOrientationLandscapeRight UIInterfaceOrientationPortrait UIInterfaceOrientationPortraitUpsideDown";
				IPHONEOS_DEPLOYMENT_TARGET = 17.0;
				LD_RUNPATH_SEARCH_PATHS = (
					"$(inherited)",
					"@executable_path/Frameworks",
				);
				MARKETING_VERSION = 1.0.0;
				PRODUCT_BUNDLE_IDENTIFIER = com.andres.duque.app.MELIStore.dev;
				PRODUCT_NAME = "MELI Store Dev";
				PROVISIONING_PROFILE_SPECIFIER = "";
				SWIFT_ACTIVE_COMPILATION_CONDITIONS = "DEBUG DEV";
				SWIFT_EMIT_LOC_STRINGS = YES;
				SWIFT_VERSION = 6.0;
				TARGETED_DEVICE_FAMILY = "1,2";
			};
			name = DebugDev;
		};
		A33011462DA1784F00996EA3 /* DebugDev */ = {
			isa = XCBuildConfiguration;
			buildSettings = {
				BUNDLE_LOADER = "$(TEST_HOST)";
				CODE_SIGN_STYLE = Automatic;
				CURRENT_PROJECT_VERSION = 1;
				GENERATE_INFOPLIST_FILE = YES;
				IPHONEOS_DEPLOYMENT_TARGET = 18.4;
				MARKETING_VERSION = 1.0;
				PRODUCT_BUNDLE_IDENTIFIER = com.andres.duque.app.MELIStoreTests;
				PRODUCT_NAME = "$(TARGET_NAME)";
				SWIFT_EMIT_LOC_STRINGS = NO;
				SWIFT_VERSION = 5.0;
				TARGETED_DEVICE_FAMILY = "1,2";
				TEST_HOST = "$(BUILT_PRODUCTS_DIR)/MELIStore.app/$(BUNDLE_EXECUTABLE_FOLDER_PATH)/MELIStore";
			};
			name = DebugDev;
		};
		A33011472DA1784F00996EA3 /* DebugDev */ = {
			isa = XCBuildConfiguration;
			buildSettings = {
				CODE_SIGN_STYLE = Automatic;
				CURRENT_PROJECT_VERSION = 1;
				GENERATE_INFOPLIST_FILE = YES;
				MARKETING_VERSION = 1.0;
				PRODUCT_BUNDLE_IDENTIFIER = com.andres.duque.app.MELIStoreUITests;
				PRODUCT_NAME = "$(TARGET_NAME)";
				SWIFT_EMIT_LOC_STRINGS = NO;
				SWIFT_VERSION = 5.0;
				TARGETED_DEVICE_FAMILY = "1,2";
				TEST_TARGET_NAME = MELIStore;
			};
			name = DebugDev;
		};
		A33011482DA1785600996EA3 /* ReleaseDev */ = {
			isa = XCBuildConfiguration;
			baseConfigurationReferenceAnchor = A330110C2DA1676B00996EA3 /* MELIStore */;
			baseConfigurationReferenceRelativePath = Config.xcconfig;
			buildSettings = {
				ALWAYS_SEARCH_USER_PATHS = NO;
				ASSETCATALOG_COMPILER_GENERATE_SWIFT_ASSET_SYMBOL_EXTENSIONS = YES;
				CLANG_ANALYZER_NONNULL = YES;
				CLANG_ANALYZER_NUMBER_OBJECT_CONVERSION = YES_AGGRESSIVE;
				CLANG_CXX_LANGUAGE_STANDARD = "gnu++20";
				CLANG_ENABLE_MODULES = YES;
				CLANG_ENABLE_OBJC_ARC = YES;
				CLANG_ENABLE_OBJC_WEAK = YES;
				CLANG_WARN_BLOCK_CAPTURE_AUTORELEASING = YES;
				CLANG_WARN_BOOL_CONVERSION = YES;
				CLANG_WARN_COMMA = YES;
				CLANG_WARN_CONSTANT_CONVERSION = YES;
				CLANG_WARN_DEPRECATED_OBJC_IMPLEMENTATIONS = YES;
				CLANG_WARN_DIRECT_OBJC_ISA_USAGE = YES_ERROR;
				CLANG_WARN_DOCUMENTATION_COMMENTS = YES;
				CLANG_WARN_EMPTY_BODY = YES;
				CLANG_WARN_ENUM_CONVERSION = YES;
				CLANG_WARN_INFINITE_RECURSION = YES;
				CLANG_WARN_INT_CONVERSION = YES;
				CLANG_WARN_NON_LITERAL_NULL_CONVERSION = YES;
				CLANG_WARN_OBJC_IMPLICIT_RETAIN_SELF = YES;
				CLANG_WARN_OBJC_LITERAL_CONVERSION = YES;
				CLANG_WARN_OBJC_ROOT_CLASS = YES_ERROR;
				CLANG_WARN_QUOTED_INCLUDE_IN_FRAMEWORK_HEADER = YES;
				CLANG_WARN_RANGE_LOOP_ANALYSIS = YES;
				CLANG_WARN_STRICT_PROTOTYPES = YES;
				CLANG_WARN_SUSPICIOUS_MOVE = YES;
				CLANG_WARN_UNGUARDED_AVAILABILITY = YES_AGGRESSIVE;
				CLANG_WARN_UNREACHABLE_CODE = YES;
				CLANG_WARN__DUPLICATE_METHOD_MATCH = YES;
				COPY_PHASE_STRIP = NO;
				DEBUG_INFORMATION_FORMAT = "dwarf-with-dsym";
				ENABLE_NS_ASSERTIONS = NO;
				ENABLE_STRICT_OBJC_MSGSEND = YES;
				ENABLE_USER_SCRIPT_SANDBOXING = YES;
				GCC_C_LANGUAGE_STANDARD = gnu17;
				GCC_NO_COMMON_BLOCKS = YES;
				GCC_WARN_64_TO_32_BIT_CONVERSION = YES;
				GCC_WARN_ABOUT_RETURN_TYPE = YES_ERROR;
				GCC_WARN_UNDECLARED_SELECTOR = YES;
				GCC_WARN_UNINITIALIZED_AUTOS = YES_AGGRESSIVE;
				GCC_WARN_UNUSED_FUNCTION = YES;
				GCC_WARN_UNUSED_VARIABLE = YES;
				IPHONEOS_DEPLOYMENT_TARGET = 18.4;
				LOCALIZATION_PREFERS_STRING_CATALOGS = YES;
				MTL_ENABLE_DEBUG_INFO = NO;
				MTL_FAST_MATH = YES;
				SDKROOT = iphoneos;
				SWIFT_COMPILATION_MODE = wholemodule;
				SWIFT_EMIT_LOC_STRINGS = YES;
				VALIDATE_PRODUCT = YES;
			};
			name = ReleaseDev;
		};
		A33011492DA1785600996EA3 /* ReleaseDev */ = {
			isa = XCBuildConfiguration;
			buildSettings = {
				ASSETCATALOG_COMPILER_APPICON_NAME = AppIcon;
				ASSETCATALOG_COMPILER_GLOBAL_ACCENT_COLOR_NAME = AccentColor;
				CODE_SIGN_IDENTITY = "Apple Development";
				CODE_SIGN_STYLE = Automatic;
				CURRENT_PROJECT_VERSION = 1;
				DEVELOPMENT_TEAM = "";
				ENABLE_PREVIEWS = YES;
				GENERATE_INFOPLIST_FILE = YES;
				INFOPLIST_FILE = MELIStore/Info.plist;
				INFOPLIST_KEY_CFBundleDisplayName = "$(PRODUCT_NAME)";
				INFOPLIST_KEY_LSApplicationCategoryType = "public.app-category.shopping";
				INFOPLIST_KEY_UIApplicationSceneManifest_Generation = YES;
				INFOPLIST_KEY_UIApplicationSupportsIndirectInputEvents = YES;
				INFOPLIST_KEY_UILaunchScreen_Generation = YES;
				INFOPLIST_KEY_UISupportedInterfaceOrientations = UIInterfaceOrientationPortrait;
				INFOPLIST_KEY_UISupportedInterfaceOrientations_iPad = "UIInterfaceOrientationLandscapeLeft UIInterfaceOrientationLandscapeRight UIInterfaceOrientationPortrait UIInterfaceOrientationPortraitUpsideDown";
				IPHONEOS_DEPLOYMENT_TARGET = 17.0;
				LD_RUNPATH_SEARCH_PATHS = (
					"$(inherited)",
					"@executable_path/Frameworks",
				);
				MARKETING_VERSION = 1.0.0;
				PRODUCT_BUNDLE_IDENTIFIER = com.andres.duque.app.MELIStore.dev;
				PRODUCT_NAME = "MELI Store Dev";
				PROVISIONING_PROFILE_SPECIFIER = "";
				SWIFT_ACTIVE_COMPILATION_CONDITIONS = DEV;
				SWIFT_EMIT_LOC_STRINGS = YES;
				SWIFT_VERSION = 6.0;
				TARGETED_DEVICE_FAMILY = "1,2";
			};
			name = ReleaseDev;
		};
		A330114A2DA1785600996EA3 /* ReleaseDev */ = {
			isa = XCBuildConfiguration;
			buildSettings = {
				BUNDLE_LOADER = "$(TEST_HOST)";
				CODE_SIGN_STYLE = Automatic;
				CURRENT_PROJECT_VERSION = 1;
				GENERATE_INFOPLIST_FILE = YES;
				IPHONEOS_DEPLOYMENT_TARGET = 18.4;
				MARKETING_VERSION = 1.0;
				PRODUCT_BUNDLE_IDENTIFIER = com.andres.duque.app.MELIStoreTests;
				PRODUCT_NAME = "$(TARGET_NAME)";
				SWIFT_EMIT_LOC_STRINGS = NO;
				SWIFT_VERSION = 5.0;
				TARGETED_DEVICE_FAMILY = "1,2";
				TEST_HOST = "$(BUILT_PRODUCTS_DIR)/MELIStore.app/$(BUNDLE_EXECUTABLE_FOLDER_PATH)/MELIStore";
			};
			name = ReleaseDev;
		};
		A330114B2DA1785600996EA3 /* ReleaseDev */ = {
			isa = XCBuildConfiguration;
			buildSettings = {
				CODE_SIGN_STYLE = Automatic;
				CURRENT_PROJECT_VERSION = 1;
				GENERATE_INFOPLIST_FILE = YES;
				MARKETING_VERSION = 1.0;
				PRODUCT_BUNDLE_IDENTIFIER = com.andres.duque.app.MELIStoreUITests;
				PRODUCT_NAME = "$(TARGET_NAME)";
				SWIFT_EMIT_LOC_STRINGS = NO;
				SWIFT_VERSION = 5.0;
				TARGETED_DEVICE_FAMILY = "1,2";
				TEST_TARGET_NAME = MELIStore;
			};
			name = ReleaseDev;
		};
/* End XCBuildConfiguration section */

/* Begin XCConfigurationList section */
		A33011052DA1676B00996EA3 /* Build configuration list for PBXProject "MELIStore" */ = {
			isa = XCConfigurationList;
			buildConfigurations = (
				A33011292DA1676C00996EA3 /* Debug */,
				A33011442DA1784F00996EA3 /* DebugDev */,
				A330112A2DA1676C00996EA3 /* Release */,
				A33011482DA1785600996EA3 /* ReleaseDev */,
			);
			defaultConfigurationIsVisible = 0;
			defaultConfigurationName = Release;
		};
		A330112B2DA1676C00996EA3 /* Build configuration list for PBXNativeTarget "MELIStore" */ = {
			isa = XCConfigurationList;
			buildConfigurations = (
				A330112C2DA1676C00996EA3 /* Debug */,
				A33011452DA1784F00996EA3 /* DebugDev */,
				A330112D2DA1676C00996EA3 /* Release */,
				A33011492DA1785600996EA3 /* ReleaseDev */,
			);
			defaultConfigurationIsVisible = 0;
			defaultConfigurationName = Release;
		};
		A330112E2DA1676C00996EA3 /* Build configuration list for PBXNativeTarget "MELIStoreTests" */ = {
			isa = XCConfigurationList;
			buildConfigurations = (
				A330112F2DA1676C00996EA3 /* Debug */,
				A33011462DA1784F00996EA3 /* DebugDev */,
				A33011302DA1676C00996EA3 /* Release */,
				A330114A2DA1785600996EA3 /* ReleaseDev */,
			);
			defaultConfigurationIsVisible = 0;
			defaultConfigurationName = Release;
		};
		A33011312DA1676C00996EA3 /* Build configuration list for PBXNativeTarget "MELIStoreUITests" */ = {
			isa = XCConfigurationList;
			buildConfigurations = (
				A33011322DA1676C00996EA3 /* Debug */,
				A33011472DA1784F00996EA3 /* DebugDev */,
				A33011332DA1676C00996EA3 /* Release */,
				A330114B2DA1785600996EA3 /* ReleaseDev */,
			);
			defaultConfigurationIsVisible = 0;
			defaultConfigurationName = Release;
		};
/* End XCConfigurationList section */

/* Begin XCRemoteSwiftPackageReference section */
		A3FA2D882DA1869600BB0EF8 /* XCRemoteSwiftPackageReference "swift-dependency-injector" */ = {
			isa = XCRemoteSwiftPackageReference;
			repositoryURL = "https://github.com/andresduke024/swift-dependency-injector.git";
			requirement = {
				kind = upToNextMinorVersion;
				minimumVersion = 2.0.0;
			};
		};
		A3FA2DF42DA1BC5B00BB0EF8 /* XCRemoteSwiftPackageReference "MELIStoreCore" */ = {
			isa = XCRemoteSwiftPackageReference;
			repositoryURL = "https://github.com/andresduke024/MELIStoreCore";
			requirement = {
				branch = main;
				kind = branch;
			};
		};
		A3FA2DF72DA1BCFD00BB0EF8 /* XCRemoteSwiftPackageReference "MELIStoreProducts" */ = {
			isa = XCRemoteSwiftPackageReference;
			repositoryURL = "https://github.com/andresduke024/MELIStoreProducts";
			requirement = {
				branch = main;
				kind = branch;
			};
		};
		A3FA2E042DA22F3900BB0EF8 /* XCRemoteSwiftPackageReference "MELIStoreDesignSystem" */ = {
			isa = XCRemoteSwiftPackageReference;
			repositoryURL = "https://github.com/andresduke024/MELIStoreDesignSystem";
			requirement = {
				branch = main;
				kind = branch;
			};
		};
/* End XCRemoteSwiftPackageReference section */

/* Begin XCSwiftPackageProductDependency section */
		A3FA2D892DA1869600BB0EF8 /* SwiftDependencyInjector */ = {
			isa = XCSwiftPackageProductDependency;
			package = A3FA2D882DA1869600BB0EF8 /* XCRemoteSwiftPackageReference "swift-dependency-injector" */;
			productName = SwiftDependencyInjector;
		};
		A3FA2DF52DA1BC5B00BB0EF8 /* MELIStoreCore */ = {
			isa = XCSwiftPackageProductDependency;
			package = A3FA2DF42DA1BC5B00BB0EF8 /* XCRemoteSwiftPackageReference "MELIStoreCore" */;
			productName = MELIStoreCore;
		};
		A3FA2DF82DA1BCFD00BB0EF8 /* MELIStoreProducts */ = {
			isa = XCSwiftPackageProductDependency;
			package = A3FA2DF72DA1BCFD00BB0EF8 /* XCRemoteSwiftPackageReference "MELIStoreProducts" */;
			productName = MELIStoreProducts;
		};
		A3FA2E052DA22F3900BB0EF8 /* MELIStoreDesignSystem */ = {
			isa = XCSwiftPackageProductDependency;
			package = A3FA2E042DA22F3900BB0EF8 /* XCRemoteSwiftPackageReference "MELIStoreDesignSystem" */;
			productName = MELIStoreDesignSystem;
		};
/* End XCSwiftPackageProductDependency section */
	};
	rootObject = A33011022DA1676B00996EA3 /* Project object */;
}
